<?xml version="1.0" encoding="utf-8"?>
<Project ToolsVersion="4.0" xmlns="http://schemas.microsoft.com/developer/msbuild/2003">
  <ItemGroup>
    <ClCompile Include="..\..\..\..\..\..\..\git\palisade-student-edition\src\core\lib\encoding\byteplaintextencoding.cpp" />
    <ClCompile Include="..\..\..\..\..\..\..\git\palisade-student-edition\src\core\lib\encoding\intplaintextencoding.cpp" />
    <ClCompile Include="..\..\..\..\..\..\..\git\palisade-student-edition\src\core\lib\encoding\packedintplaintextencoding.cpp" />
    <ClCompile Include="..\..\..\..\..\..\..\git\palisade-student-edition\src\core\lib\lattice\field2n.cpp" />
    <ClCompile Include="..\..\..\..\..\..\..\git\palisade-student-edition\src\core\lib\lattice\ildcrtparams.cpp" />
    <ClCompile Include="..\..\..\..\..\..\..\git\palisade-student-edition\src\core\lib\lattice\ilparams.cpp" />
    <ClCompile Include="..\..\..\..\..\..\..\git\palisade-student-edition\src\core\lib\lattice\ilvector2n.cpp" />
    <ClCompile Include="..\..\..\..\..\..\..\git\palisade-student-edition\src\core\lib\lattice\ilvectorarray2n.cpp" />
    <ClCompile Include="..\..\..\..\..\..\..\git\palisade-student-edition\src\core\lib\math\binaryuniformgenerator.cpp" />
    <ClCompile Include="..\..\..\..\..\..\..\git\palisade-student-edition\src\core\lib\math\cpu8bit\binint8bit.cpp" />
    <ClCompile Include="..\..\..\..\..\..\..\git\palisade-student-edition\src\core\lib\math\cpu8bit\binvect8bit.cpp" />
    <ClCompile Include="..\..\..\..\..\..\..\git\palisade-student-edition\src\core\lib\math\cpu8bit\dtstruct8bit.cpp" />
    <ClCompile Include="..\..\..\..\..\..\..\git\palisade-student-edition\src\core\lib\math\cpu8bit\mempool8bit.cpp" />
    <ClCompile Include="..\..\..\..\..\..\..\git\palisade-student-edition\src\core\lib\math\cpu_int\binint.cpp" />
    <ClCompile Include="..\..\..\..\..\..\..\git\palisade-student-edition\src\core\lib\math\cpu_int\binvect.cpp" />
    <ClCompile Include="..\..\..\..\..\..\..\git\palisade-student-edition\src\core\lib\math\discretegaussiangenerator.cpp" />
    <ClCompile Include="..\..\..\..\..\..\..\git\palisade-student-edition\src\core\lib\math\discreteuniformgenerator.cpp" />
    <ClCompile Include="..\..\..\..\..\..\..\git\palisade-student-edition\src\core\lib\math\distributiongenerator.cpp" />
    <ClCompile Include="..\..\..\..\..\..\..\git\palisade-student-edition\src\core\lib\math\exp_int\mubintvec.cpp" />
    <ClCompile Include="..\..\..\..\..\..\..\git\palisade-student-edition\src\core\lib\math\exp_int\ubint.cpp" />
    <ClCompile Include="..\..\..\..\..\..\..\git\palisade-student-edition\src\core\lib\math\exp_int\ubintvec.cpp" />
    <ClCompile Include="..\..\..\..\..\..\..\git\palisade-student-edition\src\core\lib\math\matrix.cpp" />
    <ClCompile Include="..\..\..\..\..\..\..\git\palisade-student-edition\src\core\lib\math\nbtheory.cpp" />
    <ClCompile Include="..\..\..\..\..\..\..\git\palisade-student-edition\src\core\lib\math\ternaryuniformgenerator.cpp" />
    <ClCompile Include="..\..\..\..\..\..\..\git\palisade-student-edition\src\core\lib\math\transfrm.cpp" />
    <ClCompile Include="..\..\..\..\..\..\..\git\palisade-student-edition\src\core\lib\utils\debug.cpp" />
    <ClCompile Include="..\..\..\..\..\..\..\git\palisade-student-edition\src\core\lib\utils\hashutil.cpp" />
    <ClCompile Include="..\..\..\..\..\..\..\git\palisade-student-edition\src\core\lib\utils\serializablehelper.cpp" />
    <ClCompile Include="..\..\..\..\..\..\..\git\palisade-student-edition\src\core\lib\utils\utilities.cpp" />
    <ClCompile Include="..\..\..\..\src\core\lib\math\matrixser.cpp" />
    <ClCompile Include="..\..\..\..\src\core\lib\math\matrixstrassen.cpp" />
    <ClCompile Include="..\..\..\..\src\core\lib\lattice\lattice-impl.cpp" />
    <ClCompile Include="..\..\..\..\src\core\lib\utils\palisadebase64.cpp" />
  </ItemGroup>
  <ItemGroup>
    <ClInclude Include="..\..\..\..\..\..\..\git\palisade-student-edition\src\core\lib\encoding\byteplaintextencoding.h" />
    <ClInclude Include="..\..\..\..\..\..\..\git\palisade-student-edition\src\core\lib\encoding\intplaintextencoding.h" />
    <ClInclude Include="..\..\..\..\..\..\..\git\palisade-student-edition\src\core\lib\encoding\packedintplaintextencoding.h" />
    <ClInclude Include="..\..\..\..\..\..\..\git\palisade-student-edition\src\core\lib\encoding\plaintext.h" />
    <ClInclude Include="..\..\..\..\..\..\..\git\palisade-student-edition\src\core\lib\lattice\elemparams.h" />
    <ClInclude Include="..\..\..\..\..\..\..\git\palisade-student-edition\src\core\lib\lattice\field2n.h" />
    <ClInclude Include="..\..\..\..\..\..\..\git\palisade-student-edition\src\core\lib\lattice\ildcrtparams.h" />
    <ClInclude Include="..\..\..\..\..\..\..\git\palisade-student-edition\src\core\lib\lattice\ilelement.h" />
    <ClInclude Include="..\..\..\..\..\..\..\git\palisade-student-edition\src\core\lib\lattice\ilparams.h" />
    <ClInclude Include="..\..\..\..\..\..\..\git\palisade-student-edition\src\core\lib\lattice\ilvector2n.h" />
    <ClInclude Include="..\..\..\..\..\..\..\git\palisade-student-edition\src\core\lib\lattice\ilvectorarray2n.h" />
    <ClInclude Include="..\..\..\..\..\..\..\git\palisade-student-edition\src\core\lib\math\backend.h" />
    <ClInclude Include="..\..\..\..\..\..\..\git\palisade-student-edition\src\core\lib\math\binaryuniformgenerator.h" />
    <ClInclude Include="..\..\..\..\..\..\..\git\palisade-student-edition\src\core\lib\math\cpu8bit\binint8bit.h" />
    <ClInclude Include="..\..\..\..\..\..\..\git\palisade-student-edition\src\core\lib\math\cpu8bit\binvect8bit.h" />
    <ClInclude Include="..\..\..\..\..\..\..\git\palisade-student-edition\src\core\lib\math\cpu8bit\dtstruct8bit.h" />
    <ClInclude Include="..\..\..\..\..\..\..\git\palisade-student-edition\src\core\lib\math\cpu8bit\mempool8bit.h" />
    <ClInclude Include="..\..\..\..\..\..\..\git\palisade-student-edition\src\core\lib\math\cpu_int\binint.h" />
    <ClInclude Include="..\..\..\..\..\..\..\git\palisade-student-edition\src\core\lib\math\cpu_int\binvect.h" />
    <ClInclude Include="..\..\..\..\..\..\..\git\palisade-student-edition\src\core\lib\math\cpu_int\dtstruct.h" />
    <ClInclude Include="..\..\..\..\..\..\..\git\palisade-student-edition\src\core\lib\math\discretegaussiangenerator.h" />
    <ClInclude Include="..\..\..\..\..\..\..\git\palisade-student-edition\src\core\lib\math\discreteuniformgenerator.h" />
    <ClInclude Include="..\..\..\..\..\..\..\git\palisade-student-edition\src\core\lib\math\distrgen.h" />
    <ClInclude Include="..\..\..\..\..\..\..\git\palisade-student-edition\src\core\lib\math\distributiongenerator.h" />
    <ClInclude Include="..\..\..\..\..\..\..\git\palisade-student-edition\src\core\lib\math\exp_int\mubintvec.h" />
    <ClInclude Include="..\..\..\..\..\..\..\git\palisade-student-edition\src\core\lib\math\exp_int\ubint.h" />
    <ClInclude Include="..\..\..\..\..\..\..\git\palisade-student-edition\src\core\lib\math\exp_int\ubintvec.h" />
    <ClInclude Include="..\..\..\..\..\..\..\git\palisade-student-edition\src\core\lib\math\interface.h" />
    <ClInclude Include="..\..\..\..\..\..\..\git\palisade-student-edition\src\core\lib\math\largefloat.h" />
    <ClInclude Include="..\..\..\..\..\..\..\git\palisade-student-edition\src\core\lib\math\matrix.h" />
    <ClInclude Include="..\..\..\..\..\..\..\git\palisade-student-edition\src\core\lib\math\nbtheory.h" />
    <ClInclude Include="..\..\..\..\..\..\..\git\palisade-student-edition\src\core\lib\math\ternaryuniformgenerator.h" />
    <ClInclude Include="..\..\..\..\..\..\..\git\palisade-student-edition\src\core\lib\math\transfrm.h" />
    <ClInclude Include="..\..\..\..\..\..\..\git\palisade-student-edition\src\core\lib\utils\debug.h" />
    <ClInclude Include="..\..\..\..\..\..\..\git\palisade-student-edition\src\core\lib\utils\hashutil.h" />
    <ClInclude Include="..\..\..\..\..\..\..\git\palisade-student-edition\src\core\lib\utils\inttypes.h" />
    <ClInclude Include="..\..\..\..\..\..\..\git\palisade-student-edition\src\core\lib\utils\memory.h" />
    <ClInclude Include="..\..\..\..\..\..\..\git\palisade-student-edition\src\core\lib\utils\rapidjson\allocators.h" />
    <ClInclude Include="..\..\..\..\..\..\..\git\palisade-student-edition\src\core\lib\utils\rapidjson\document.h" />
    <ClInclude Include="..\..\..\..\..\..\..\git\palisade-student-edition\src\core\lib\utils\rapidjson\encodedstream.h" />
    <ClInclude Include="..\..\..\..\..\..\..\git\palisade-student-edition\src\core\lib\utils\rapidjson\encodings.h" />
    <ClInclude Include="..\..\..\..\..\..\..\git\palisade-student-edition\src\core\lib\utils\rapidjson\error\en.h" />
    <ClInclude Include="..\..\..\..\..\..\..\git\palisade-student-edition\src\core\lib\utils\rapidjson\error\error.h" />
    <ClInclude Include="..\..\..\..\..\..\..\git\palisade-student-edition\src\core\lib\utils\rapidjson\filereadstream.h" />
    <ClInclude Include="..\..\..\..\..\..\..\git\palisade-student-edition\src\core\lib\utils\rapidjson\filewritestream.h" />
    <ClInclude Include="..\..\..\..\..\..\..\git\palisade-student-edition\src\core\lib\utils\rapidjson\internal\biginteger.h" />
    <ClInclude Include="..\..\..\..\..\..\..\git\palisade-student-edition\src\core\lib\utils\rapidjson\internal\diyfp.h" />
    <ClInclude Include="..\..\..\..\..\..\..\git\palisade-student-edition\src\core\lib\utils\rapidjson\internal\dtoa.h" />
    <ClInclude Include="..\..\..\..\..\..\..\git\palisade-student-edition\src\core\lib\utils\rapidjson\internal\ieee754.h" />
    <ClInclude Include="..\..\..\..\..\..\..\git\palisade-student-edition\src\core\lib\utils\rapidjson\internal\itoa.h" />
    <ClInclude Include="..\..\..\..\..\..\..\git\palisade-student-edition\src\core\lib\utils\rapidjson\internal\meta.h" />
    <ClInclude Include="..\..\..\..\..\..\..\git\palisade-student-edition\src\core\lib\utils\rapidjson\internal\pow10.h" />
    <ClInclude Include="..\..\..\..\..\..\..\git\palisade-student-edition\src\core\lib\utils\rapidjson\internal\stack.h" />
    <ClInclude Include="..\..\..\..\..\..\..\git\palisade-student-edition\src\core\lib\utils\rapidjson\internal\strfunc.h" />
    <ClInclude Include="..\..\..\..\..\..\..\git\palisade-student-edition\src\core\lib\utils\rapidjson\internal\strtod.h" />
    <ClInclude Include="..\..\..\..\..\..\..\git\palisade-student-edition\src\core\lib\utils\rapidjson\internal\swap.h" />
    <ClInclude Include="..\..\..\..\..\..\..\git\palisade-student-edition\src\core\lib\utils\rapidjson\memorybuffer.h" />
    <ClInclude Include="..\..\..\..\..\..\..\git\palisade-student-edition\src\core\lib\utils\rapidjson\memorystream.h" />
    <ClInclude Include="..\..\..\..\..\..\..\git\palisade-student-edition\src\core\lib\utils\rapidjson\msinttypes\inttypes.h" />
    <ClInclude Include="..\..\..\..\..\..\..\git\palisade-student-edition\src\core\lib\utils\rapidjson\msinttypes\stdint.h" />
    <ClInclude Include="..\..\..\..\..\..\..\git\palisade-student-edition\src\core\lib\utils\rapidjson\pointer.h" />
    <ClInclude Include="..\..\..\..\..\..\..\git\palisade-student-edition\src\core\lib\utils\rapidjson\prettywriter.h" />
    <ClInclude Include="..\..\..\..\..\..\..\git\palisade-student-edition\src\core\lib\utils\rapidjson\rapidjson.h" />
    <ClInclude Include="..\..\..\..\..\..\..\git\palisade-student-edition\src\core\lib\utils\rapidjson\reader.h" />
    <ClInclude Include="..\..\..\..\..\..\..\git\palisade-student-edition\src\core\lib\utils\rapidjson\stringbuffer.h" />
    <ClInclude Include="..\..\..\..\..\..\..\git\palisade-student-edition\src\core\lib\utils\rapidjson\writer.h" />
    <ClInclude Include="..\..\..\..\..\..\..\git\palisade-student-edition\src\core\lib\utils\serializable.h" />
    <ClInclude Include="..\..\..\..\..\..\..\git\palisade-student-edition\src\core\lib\utils\serializablehelper.h" />
    <ClInclude Include="..\..\..\..\..\..\..\git\palisade-student-edition\src\core\lib\utils\utilities.h" />
    <ClInclude Include="..\..\..\..\src\core\lib\math\matrixstrassen.h" />
    <ClInclude Include="..\..\..\..\src\core\lib\math\native64\binint.h" />
    <ClInclude Include="..\..\..\..\src\core\lib\utils\palisadebase64.h" />
  </ItemGroup>
</Project>